
Microsoft Visual Studio Solution File, Format Version 12.00
Project("{FAE04EC0-301F-11D3-BF4B-00C04F79EFBC}") = "AvaloniaApplication1", "AvaloniaApplication1\AvaloniaApplication1.csproj", "{064D17B8-2069-4807-B6DD-8DC4A0657E77}"
EndProject
Global
	GlobalSection(SolutionConfigurationPlatforms) = preSolution
		Debug|Any CPU = Debug|Any CPU
		Release|Any CPU = Release|Any CPU
	EndGlobalSection
	GlobalSection(ProjectConfigurationPlatforms) = postSolution
		{064D17B8-2069-4807-B6DD-8DC4A0657E77}.Debug|Any CPU.ActiveCfg = Debug|Any CPU
		{064D17B8-2069-4807-B6DD-8DC4A0657E77}.Debug|Any CPU.Build.0 = Debug|Any CPU
		{064D17B8-2069-4807-B6DD-8DC4A0657E77}.Release|Any CPU.ActiveCfg = Release|Any CPU
		{064D17B8-2069-4807-B6DD-8DC4A0657E77}.Release|Any CPU.Build.0 = Release|Any CPU
	EndGlobalSection
EndGlobal
